
Microsoft Visual Studio Solution File, Format Version 12.00
# Visual Studio Version 16
VisualStudioVersion = 16.0.31410.357
MinimumVisualStudioVersion = 10.0.40219.1
Project("{FAE04EC0-301F-11D3-BF4B-00C04F79EFBC}") = "BezaoPay", "BezaoPay\BezaoPay.csproj", "{C56FEA10-86C4-4C26-98DC-51AAE22F6300}"
EndProject
Project("{FAE04EC0-301F-11D3-BF4B-00C04F79EFBC}") = "BezaoPayDAL", "BezaoPayDAL\BezaoPayDAL.csproj", "{65E53B7A-3D86-43C8-B4D1-DEB2A3140770}"
EndProject
Global
	GlobalSection(SolutionConfigurationPlatforms) = preSolution
		Debug|Any CPU = Debug|Any CPU
		Release|Any CPU = Release|Any CPU
	EndGlobalSection
	GlobalSection(ProjectConfigurationPlatforms) = postSolution
		{C56FEA10-86C4-4C26-98DC-51AAE22F6300}.Debug|Any CPU.ActiveCfg = Debug|Any CPU
		{C56FEA10-86C4-4C26-98DC-51AAE22F6300}.Debug|Any CPU.Build.0 = Debug|Any CPU
		{C56FEA10-86C4-4C26-98DC-51AAE22F6300}.Release|Any CPU.ActiveCfg = Release|Any CPU
		{C56FEA10-86C4-4C26-98DC-51AAE22F6300}.Release|Any CPU.Build.0 = Release|Any CPU
		{65E53B7A-3D86-43C8-B4D1-DEB2A3140770}.Debug|Any CPU.ActiveCfg = Debug|Any CPU
		{65E53B7A-3D86-43C8-B4D1-DEB2A3140770}.Debug|Any CPU.Build.0 = Debug|Any CPU
		{65E53B7A-3D86-43C8-B4D1-DEB2A3140770}.Release|Any CPU.ActiveCfg = Release|Any CPU
		{65E53B7A-3D86-43C8-B4D1-DEB2A3140770}.Release|Any CPU.Build.0 = Release|Any CPU
	EndGlobalSection
	GlobalSection(SolutionProperties) = preSolution
		HideSolutionNode = FALSE
	EndGlobalSection
	GlobalSection(ExtensibilityGlobals) = postSolution
		SolutionGuid = {DB0032AE-135A-4A8A-958E-3F14029129E0}
	EndGlobalSection
EndGlobal
